
Microsoft Visual Studio Solution File, Format Version 12.00
# Visual Studio 2015
Project("{FAE04EC0-301F-11D3-BF4B-00C04F79EFBC}") = "BattleTech RPG.Plugins", "BattleTech RPG.Plugins.csproj", "{93B358D7-EAD7-EC95-A8A4-5400D00A40AA}"
EndProject
Project("{FAE04EC0-301F-11D3-BF4B-00C04F79EFBC}") = "BattleTech RPG.Editor.Plugins", "BattleTech RPG.Editor.Plugins.csproj", "{678C0B39-EF37-C09D-AA4C-858CB88AAFDD}"
EndProject
Global
	GlobalSection(SolutionConfigurationPlatforms) = preSolution
		Debug|Any CPU = Debug|Any CPU
		Release|Any CPU = Release|Any CPU
	EndGlobalSection
	GlobalSection(ProjectConfigurationPlatforms) = postSolution
		{93B358D7-EAD7-EC95-A8A4-5400D00A40AA}.Debug|Any CPU.ActiveCfg = Debug|Any CPU
		{93B358D7-EAD7-EC95-A8A4-5400D00A40AA}.Debug|Any CPU.Build.0 = Debug|Any CPU
		{93B358D7-EAD7-EC95-A8A4-5400D00A40AA}.Release|Any CPU.ActiveCfg = Release|Any CPU
		{93B358D7-EAD7-EC95-A8A4-5400D00A40AA}.Release|Any CPU.Build.0 = Release|Any CPU
		{678C0B39-EF37-C09D-AA4C-858CB88AAFDD}.Debug|Any CPU.ActiveCfg = Debug|Any CPU
		{678C0B39-EF37-C09D-AA4C-858CB88AAFDD}.Debug|Any CPU.Build.0 = Debug|Any CPU
		{678C0B39-EF37-C09D-AA4C-858CB88AAFDD}.Release|Any CPU.ActiveCfg = Release|Any CPU
		{678C0B39-EF37-C09D-AA4C-858CB88AAFDD}.Release|Any CPU.Build.0 = Release|Any CPU
	EndGlobalSection
	GlobalSection(SolutionProperties) = preSolution
		HideSolutionNode = FALSE
	EndGlobalSection
EndGlobal
